
Microsoft Visual Studio Solution File, Format Version 12.00
# Visual Studio Version 17
VisualStudioVersion = 17.1.32421.90
MinimumVisualStudioVersion = 10.0.40219.1
Project("{FAE04EC0-301F-11D3-BF4B-00C04F79EFBC}") = "TestConsoleApp", "TestConsoleApp\TestConsoleApp.csproj", "{2FD4439A-6CC6-4D89-A078-659BA35AF0E6}"
EndProject
Global
	GlobalSection(SolutionConfigurationPlatforms) = preSolution
		Debug|Any CPU = Debug|Any CPU
		Release|Any CPU = Release|Any CPU
	EndGlobalSection
	GlobalSection(ProjectConfigurationPlatforms) = postSolution
		{2FD4439A-6CC6-4D89-A078-659BA35AF0E6}.Debug|Any CPU.ActiveCfg = Debug|Any CPU
		{2FD4439A-6CC6-4D89-A078-659BA35AF0E6}.Debug|Any CPU.Build.0 = Debug|Any CPU
		{2FD4439A-6CC6-4D89-A078-659BA35AF0E6}.Release|Any CPU.ActiveCfg = Release|Any CPU
		{2FD4439A-6CC6-4D89-A078-659BA35AF0E6}.Release|Any CPU.Build.0 = Release|Any CPU
	EndGlobalSection
	GlobalSection(SolutionProperties) = preSolution
		HideSolutionNode = FALSE
	EndGlobalSection
	GlobalSection(ExtensibilityGlobals) = postSolution
		SolutionGuid = {9F2A8705-081D-4D8B-BFDC-43ED56765F20}
	EndGlobalSection
EndGlobal
